// !$*UTF8*$!
{
	archiveVersion = 1;
	classes = {
	};
	objectVersion = 77;
	objects = {

/* Begin PBXBuildFile section */
		90BEDC112C9C011C003D7F0C /* MyAppApp.swift in Sources */ = {isa = PBXBuildFile; fileRef = 90BEDC102C9C011C003D7F0C /* MyAppApp.swift */; };
		90BEDC132C9C011C003D7F0C /* ContentView.swift in Sources */ = {isa = PBXBuildFile; fileRef = 90BEDC122C9C011C003D7F0C /* ContentView.swift */; };
		90BEDC152C9C011D003D7F0C /* Assets.xcassets in Resources */ = {isa = PBXBuildFile; fileRef = 90BEDC142C9C011D003D7F0C /* Assets.xcassets */; };
		90BEDC182C9C011D003D7F0C /* Preview Assets.xcassets in Resources */ = {isa = PBXBuildFile; fileRef = 90BEDC172C9C011D003D7F0C /* Preview Assets.xcassets */; };
		90BEDC2B2C9C0264003D7F0C /* PostHog in Frameworks */ = {isa = PBXBuildFile; productRef = 90BEDC2A2C9C0264003D7F0C /* PostHog */; };
		90BEDC2F2C9C02C5003D7F0C /* FirebaseCrashlytics in Frameworks */ = {isa = PBXBuildFile; productRef = 90BEDC2E2C9C02C5003D7F0C /* FirebaseCrashlytics */; };
		90BEDC312C9C02E9003D7F0C /* ReceiptParser in Frameworks */ = {isa = PBXBuildFile; productRef = 90BEDC302C9C02E9003D7F0C /* ReceiptParser */; };
		90BEDC332C9C02E9003D7F0C /* RevenueCat in Frameworks */ = {isa = PBXBuildFile; productRef = 90BEDC322C9C02E9003D7F0C /* RevenueCat */; };
		90BEDC352C9C02E9003D7F0C /* RevenueCatUI in Frameworks */ = {isa = PBXBuildFile; productRef = 90BEDC342C9C02E9003D7F0C /* RevenueCatUI */; };
		90BEDC372C9C02E9003D7F0C /* RevenueCat_CustomEntitlementComputation in Frameworks */ = {isa = PBXBuildFile; productRef = 90BEDC362C9C02E9003D7F0C /* RevenueCat_CustomEntitlementComputation */; };
		90BEDC3A2C9C030F003D7F0C /* DeviceKit in Frameworks */ = {isa = PBXBuildFile; productRef = 90BEDC392C9C030F003D7F0C /* DeviceKit */; };
		90BEDC3F2C9C0488003D7F0C /* .gitkeep in Resources */ = {isa = PBXBuildFile; fileRef = 90BEDC3D2C9C0483003D7F0C /* .gitkeep */; };
		90BEDC4F2C9C04B9003D7F0C /* DeviceKitService.swift in Sources */ = {isa = PBXBuildFile; fileRef = 90BEDC4D2C9C04B9003D7F0C /* DeviceKitService.swift */; };
		90BEDC612C9C05D3003D7F0C /* .gitkeep in Resources */ = {isa = PBXBuildFile; fileRef = 90BEDC602C9C05D3003D7F0C /* .gitkeep */; };
		90BEDC632C9C05D5003D7F0C /* .gitkeep in Resources */ = {isa = PBXBuildFile; fileRef = 90BEDC622C9C05D5003D7F0C /* .gitkeep */; };
		90BEDC652C9C05E2003D7F0C /* RevenueCat+Extension.swift in Sources */ = {isa = PBXBuildFile; fileRef = 90BEDC642C9C05E2003D7F0C /* RevenueCat+Extension.swift */; };
		90BEDC672C9C063A003D7F0C /* Color+Extension.swift in Sources */ = {isa = PBXBuildFile; fileRef = 90BEDC662C9C063A003D7F0C /* Color+Extension.swift */; };
/* End PBXBuildFile section */

/* Begin PBXFileReference section */
		90BEDC0D2C9C011C003D7F0C /* MyApp.app */ = {isa = PBXFileReference; explicitFileType = wrapper.application; includeInIndex = 0; path = MyApp.app; sourceTree = BUILT_PRODUCTS_DIR; };
		90BEDC102C9C011C003D7F0C /* MyAppApp.swift */ = {isa = PBXFileReference; lastKnownFileType = sourcecode.swift; path = MyAppApp.swift; sourceTree = "<group>"; };
		90BEDC122C9C011C003D7F0C /* ContentView.swift */ = {isa = PBXFileReference; lastKnownFileType = sourcecode.swift; path = ContentView.swift; sourceTree = "<group>"; };
		90BEDC142C9C011D003D7F0C /* Assets.xcassets */ = {isa = PBXFileReference; lastKnownFileType = folder.assetcatalog; path = Assets.xcassets; sourceTree = "<group>"; };
		90BEDC172C9C011D003D7F0C /* Preview Assets.xcassets */ = {isa = PBXFileReference; lastKnownFileType = folder.assetcatalog; path = "Preview Assets.xcassets"; sourceTree = "<group>"; };
		90BEDC3D2C9C0483003D7F0C /* .gitkeep */ = {isa = PBXFileReference; lastKnownFileType = text; path = .gitkeep; sourceTree = "<group>"; };
		90BEDC4D2C9C04B9003D7F0C /* DeviceKitService.swift */ = {isa = PBXFileReference; lastKnownFileType = sourcecode.swift; path = DeviceKitService.swift; sourceTree = "<group>"; };
		90BEDC602C9C05D3003D7F0C /* .gitkeep */ = {isa = PBXFileReference; lastKnownFileType = text; path = .gitkeep; sourceTree = "<group>"; };
		90BEDC622C9C05D5003D7F0C /* .gitkeep */ = {isa = PBXFileReference; lastKnownFileType = text; path = .gitkeep; sourceTree = "<group>"; };
		90BEDC642C9C05E2003D7F0C /* RevenueCat+Extension.swift */ = {isa = PBXFileReference; lastKnownFileType = sourcecode.swift; path = "RevenueCat+Extension.swift"; sourceTree = "<group>"; };
		90BEDC662C9C063A003D7F0C /* Color+Extension.swift */ = {isa = PBXFileReference; lastKnownFileType = sourcecode.swift; path = "Color+Extension.swift"; sourceTree = "<group>"; };
/* End PBXFileReference section */

/* Begin PBXFrameworksBuildPhase section */
		90BEDC0A2C9C011C003D7F0C /* Frameworks */ = {
			isa = PBXFrameworksBuildPhase;
			buildActionMask = 2147483647;
			files = (
				90BEDC332C9C02E9003D7F0C /* RevenueCat in Frameworks */,
				90BEDC372C9C02E9003D7F0C /* RevenueCat_CustomEntitlementComputation in Frameworks */,
				90BEDC312C9C02E9003D7F0C /* ReceiptParser in Frameworks */,
				90BEDC2B2C9C0264003D7F0C /* PostHog in Frameworks */,
				90BEDC3A2C9C030F003D7F0C /* DeviceKit in Frameworks */,
				90BEDC352C9C02E9003D7F0C /* RevenueCatUI in Frameworks */,
				90BEDC2F2C9C02C5003D7F0C /* FirebaseCrashlytics in Frameworks */,
			);
			runOnlyForDeploymentPostprocessing = 0;
		};
/* End PBXFrameworksBuildPhase section */

/* Begin PBXGroup section */
		90BEDC042C9C011B003D7F0C = {
			isa = PBXGroup;
			children = (
				90BEDC552C9C0553003D7F0C /* MyApp */,
				90BEDC0E2C9C011C003D7F0C /* Products */,
			);
			sourceTree = "<group>";
		};
		90BEDC0E2C9C011C003D7F0C /* Products */ = {
			isa = PBXGroup;
			children = (
				90BEDC0D2C9C011C003D7F0C /* MyApp.app */,
			);
			name = Products;
			sourceTree = "<group>";
		};
		90BEDC552C9C0553003D7F0C /* MyApp */ = {
			isa = PBXGroup;
			children = (
				90BEDC5C2C9C05AE003D7F0C /* Model */,
				90BEDC5B2C9C05A7003D7F0C /* View */,
				90BEDC5A2C9C0594003D7F0C /* ViewModel */,
				90BEDC592C9C0591003D7F0C /* Services */,
				90BEDC5D2C9C05B4003D7F0C /* Extensions */,
				90BEDC142C9C011D003D7F0C /* Assets.xcassets */,
				90BEDC122C9C011C003D7F0C /* ContentView.swift */,
				90BEDC102C9C011C003D7F0C /* MyAppApp.swift */,
				90BEDC562C9C0561003D7F0C /* Preview Content */,
			);
			path = MyApp;
			sourceTree = "<group>";
		};
		90BEDC562C9C0561003D7F0C /* Preview Content */ = {
			isa = PBXGroup;
			children = (
				90BEDC172C9C011D003D7F0C /* Preview Assets.xcassets */,
			);
			path = "Preview Content";
			sourceTree = "<group>";
		};
		90BEDC592C9C0591003D7F0C /* Services */ = {
			isa = PBXGroup;
			children = (
				90BEDC4D2C9C04B9003D7F0C /* DeviceKitService.swift */,
			);
			path = Services;
			sourceTree = "<group>";
		};
		90BEDC5A2C9C0594003D7F0C /* ViewModel */ = {
			isa = PBXGroup;
			children = (
				90BEDC622C9C05D5003D7F0C /* .gitkeep */,
			);
			path = ViewModel;
			sourceTree = "<group>";
		};
		90BEDC5B2C9C05A7003D7F0C /* View */ = {
			isa = PBXGroup;
			children = (
				90BEDC602C9C05D3003D7F0C /* .gitkeep */,
			);
			path = View;
			sourceTree = "<group>";
		};
		90BEDC5C2C9C05AE003D7F0C /* Model */ = {
			isa = PBXGroup;
			children = (
				90BEDC3D2C9C0483003D7F0C /* .gitkeep */,
			);
			path = Model;
			sourceTree = "<group>";
		};
		90BEDC5D2C9C05B4003D7F0C /* Extensions */ = {
			isa = PBXGroup;
			children = (
				90BEDC662C9C063A003D7F0C /* Color+Extension.swift */,
				90BEDC642C9C05E2003D7F0C /* RevenueCat+Extension.swift */,
			);
			path = Extensions;
			sourceTree = "<group>";
		};
/* End PBXGroup section */

/* Begin PBXNativeTarget section */
		90BEDC0C2C9C011C003D7F0C /* MyApp */ = {
			isa = PBXNativeTarget;
			buildConfigurationList = 90BEDC1B2C9C011D003D7F0C /* Build configuration list for PBXNativeTarget "MyApp" */;
			buildPhases = (
				90BEDC092C9C011C003D7F0C /* Sources */,
				90BEDC0A2C9C011C003D7F0C /* Frameworks */,
				90BEDC0B2C9C011C003D7F0C /* Resources */,
			);
			buildRules = (
			);
			dependencies = (
			);
			name = MyApp;
			packageProductDependencies = (
				90BEDC2A2C9C0264003D7F0C /* PostHog */,
				90BEDC2E2C9C02C5003D7F0C /* FirebaseCrashlytics */,
				90BEDC302C9C02E9003D7F0C /* ReceiptParser */,
				90BEDC322C9C02E9003D7F0C /* RevenueCat */,
				90BEDC342C9C02E9003D7F0C /* RevenueCatUI */,
				90BEDC362C9C02E9003D7F0C /* RevenueCat_CustomEntitlementComputation */,
				90BEDC392C9C030F003D7F0C /* DeviceKit */,
			);
			productName = MyApp;
			productReference = 90BEDC0D2C9C011C003D7F0C /* MyApp.app */;
			productType = "com.apple.product-type.application";
		};
/* End PBXNativeTarget section */

/* Begin PBXProject section */
		90BEDC052C9C011B003D7F0C /* Project object */ = {
			isa = PBXProject;
			attributes = {
				BuildIndependentTargetsInParallel = 1;
				LastSwiftUpdateCheck = 1610;
				LastUpgradeCheck = 1610;
				TargetAttributes = {
					90BEDC0C2C9C011C003D7F0C = {
						CreatedOnToolsVersion = 16.1;
					};
				};
			};
			buildConfigurationList = 90BEDC082C9C011B003D7F0C /* Build configuration list for PBXProject "MyApp" */;
			developmentRegion = en;
			hasScannedForEncodings = 0;
			knownRegions = (
				en,
				Base,
			);
			mainGroup = 90BEDC042C9C011B003D7F0C;
			minimizedProjectReferenceProxies = 1;
			packageReferences = (
				90BEDC292C9C0264003D7F0C /* XCRemoteSwiftPackageReference "posthog-ios" */,
				90BEDC2C2C9C0277003D7F0C /* XCRemoteSwiftPackageReference "purchases-ios-spm" */,
				90BEDC2D2C9C02C5003D7F0C /* XCRemoteSwiftPackageReference "firebase-ios-sdk" */,
				90BEDC382C9C030F003D7F0C /* XCRemoteSwiftPackageReference "DeviceKit" */,
			);
			preferredProjectObjectVersion = 77;
			productRefGroup = 90BEDC0E2C9C011C003D7F0C /* Products */;
			projectDirPath = "";
			projectRoot = "";
			targets = (
				90BEDC0C2C9C011C003D7F0C /* MyApp */,
			);
		};
/* End PBXProject section */

/* Begin PBXResourcesBuildPhase section */
		90BEDC0B2C9C011C003D7F0C /* Resources */ = {
			isa = PBXResourcesBuildPhase;
			buildActionMask = 2147483647;
			files = (
				90BEDC3F2C9C0488003D7F0C /* .gitkeep in Resources */,
				90BEDC182C9C011D003D7F0C /* Preview Assets.xcassets in Resources */,
				90BEDC632C9C05D5003D7F0C /* .gitkeep in Resources */,
				90BEDC152C9C011D003D7F0C /* Assets.xcassets in Resources */,
				90BEDC612C9C05D3003D7F0C /* .gitkeep in Resources */,
			);
			runOnlyForDeploymentPostprocessing = 0;
		};
/* End PBXResourcesBuildPhase section */

/* Begin PBXSourcesBuildPhase section */
		90BEDC092C9C011C003D7F0C /* Sources */ = {
			isa = PBXSourcesBuildPhase;
			buildActionMask = 2147483647;
			files = (
				90BEDC132C9C011C003D7F0C /* ContentView.swift in Sources */,
				90BEDC672C9C063A003D7F0C /* Color+Extension.swift in Sources */,
				90BEDC4F2C9C04B9003D7F0C /* DeviceKitService.swift in Sources */,
				90BEDC112C9C011C003D7F0C /* MyAppApp.swift in Sources */,
				90BEDC652C9C05E2003D7F0C /* RevenueCat+Extension.swift in Sources */,
			);
			runOnlyForDeploymentPostprocessing = 0;
		};
/* End PBXSourcesBuildPhase section */

/* Begin XCBuildConfiguration section */
		90BEDC192C9C011D003D7F0C /* Debug */ = {
			isa = XCBuildConfiguration;
			buildSettings = {
				ALWAYS_SEARCH_USER_PATHS = NO;
				ASSETCATALOG_COMPILER_GENERATE_SWIFT_ASSET_SYMBOL_EXTENSIONS = YES;
				CLANG_ANALYZER_NONNULL = YES;
				CLANG_ANALYZER_NUMBER_OBJECT_CONVERSION = YES_AGGRESSIVE;
				CLANG_CXX_LANGUAGE_STANDARD = "gnu++20";
				CLANG_ENABLE_MODULES = YES;
				CLANG_ENABLE_OBJC_ARC = YES;
				CLANG_ENABLE_OBJC_WEAK = YES;
				CLANG_WARN_BLOCK_CAPTURE_AUTORELEASING = YES;
				CLANG_WARN_BOOL_CONVERSION = YES;
				CLANG_WARN_COMMA = YES;
				CLANG_WARN_CONSTANT_CONVERSION = YES;
				CLANG_WARN_DEPRECATED_OBJC_IMPLEMENTATIONS = YES;
				CLANG_WARN_DIRECT_OBJC_ISA_USAGE = YES_ERROR;
				CLANG_WARN_DOCUMENTATION_COMMENTS = YES;
				CLANG_WARN_EMPTY_BODY = YES;
				CLANG_WARN_ENUM_CONVERSION = YES;
				CLANG_WARN_INFINITE_RECURSION = YES;
				CLANG_WARN_INT_CONVERSION = YES;
				CLANG_WARN_NON_LITERAL_NULL_CONVERSION = YES;
				CLANG_WARN_OBJC_IMPLICIT_RETAIN_SELF = YES;
				CLANG_WARN_OBJC_LITERAL_CONVERSION = YES;
				CLANG_WARN_OBJC_ROOT_CLASS = YES_ERROR;
				CLANG_WARN_QUOTED_INCLUDE_IN_FRAMEWORK_HEADER = YES;
				CLANG_WARN_RANGE_LOOP_ANALYSIS = YES;
				CLANG_WARN_STRICT_PROTOTYPES = YES;
				CLANG_WARN_SUSPICIOUS_MOVE = YES;
				CLANG_WARN_UNGUARDED_AVAILABILITY = YES_AGGRESSIVE;
				CLANG_WARN_UNREACHABLE_CODE = YES;
				CLANG_WARN__DUPLICATE_METHOD_MATCH = YES;
				COPY_PHASE_STRIP = NO;
				DEBUG_INFORMATION_FORMAT = dwarf;
				ENABLE_STRICT_OBJC_MSGSEND = YES;
				ENABLE_TESTABILITY = YES;
				ENABLE_USER_SCRIPT_SANDBOXING = YES;
				GCC_C_LANGUAGE_STANDARD = gnu17;
				GCC_DYNAMIC_NO_PIC = NO;
				GCC_NO_COMMON_BLOCKS = YES;
				GCC_OPTIMIZATION_LEVEL = 0;
				GCC_PREPROCESSOR_DEFINITIONS = (
					"DEBUG=1",
					"$(inherited)",
				);
				GCC_WARN_64_TO_32_BIT_CONVERSION = YES;
				GCC_WARN_ABOUT_RETURN_TYPE = YES_ERROR;
				GCC_WARN_UNDECLARED_SELECTOR = YES;
				GCC_WARN_UNINITIALIZED_AUTOS = YES_AGGRESSIVE;
				GCC_WARN_UNUSED_FUNCTION = YES;
				GCC_WARN_UNUSED_VARIABLE = YES;
				IPHONEOS_DEPLOYMENT_TARGET = 18.1;
				LOCALIZATION_PREFERS_STRING_CATALOGS = YES;
				MTL_ENABLE_DEBUG_INFO = INCLUDE_SOURCE;
				MTL_FAST_MATH = YES;
				ONLY_ACTIVE_ARCH = YES;
				SDKROOT = iphoneos;
				SWIFT_ACTIVE_COMPILATION_CONDITIONS = "DEBUG $(inherited)";
				SWIFT_OPTIMIZATION_LEVEL = "-Onone";
			};
			name = Debug;
		};
		90BEDC1A2C9C011D003D7F0C /* Release */ = {
			isa = XCBuildConfiguration;
			buildSettings = {
				ALWAYS_SEARCH_USER_PATHS = NO;
				ASSETCATALOG_COMPILER_GENERATE_SWIFT_ASSET_SYMBOL_EXTENSIONS = YES;
				CLANG_ANALYZER_NONNULL = YES;
				CLANG_ANALYZER_NUMBER_OBJECT_CONVERSION = YES_AGGRESSIVE;
				CLANG_CXX_LANGUAGE_STANDARD = "gnu++20";
				CLANG_ENABLE_MODULES = YES;
				CLANG_ENABLE_OBJC_ARC = YES;
				CLANG_ENABLE_OBJC_WEAK = YES;
				CLANG_WARN_BLOCK_CAPTURE_AUTORELEASING = YES;
				CLANG_WARN_BOOL_CONVERSION = YES;
				CLANG_WARN_COMMA = YES;
				CLANG_WARN_CONSTANT_CONVERSION = YES;
				CLANG_WARN_DEPRECATED_OBJC_IMPLEMENTATIONS = YES;
				CLANG_WARN_DIRECT_OBJC_ISA_USAGE = YES_ERROR;
				CLANG_WARN_DOCUMENTATION_COMMENTS = YES;
				CLANG_WARN_EMPTY_BODY = YES;
				CLANG_WARN_ENUM_CONVERSION = YES;
				CLANG_WARN_INFINITE_RECURSION = YES;
				CLANG_WARN_INT_CONVERSION = YES;
				CLANG_WARN_NON_LITERAL_NULL_CONVERSION = YES;
				CLANG_WARN_OBJC_IMPLICIT_RETAIN_SELF = YES;
				CLANG_WARN_OBJC_LITERAL_CONVERSION = YES;
				CLANG_WARN_OBJC_ROOT_CLASS = YES_ERROR;
				CLANG_WARN_QUOTED_INCLUDE_IN_FRAMEWORK_HEADER = YES;
				CLANG_WARN_RANGE_LOOP_ANALYSIS = YES;
				CLANG_WARN_STRICT_PROTOTYPES = YES;
				CLANG_WARN_SUSPICIOUS_MOVE = YES;
				CLANG_WARN_UNGUARDED_AVAILABILITY = YES_AGGRESSIVE;
				CLANG_WARN_UNREACHABLE_CODE = YES;
				CLANG_WARN__DUPLICATE_METHOD_MATCH = YES;
				COPY_PHASE_STRIP = NO;
				DEBUG_INFORMATION_FORMAT = "dwarf-with-dsym";
				ENABLE_NS_ASSERTIONS = NO;
				ENABLE_STRICT_OBJC_MSGSEND = YES;
				ENABLE_USER_SCRIPT_SANDBOXING = YES;
				GCC_C_LANGUAGE_STANDARD = gnu17;
				GCC_NO_COMMON_BLOCKS = YES;
				GCC_WARN_64_TO_32_BIT_CONVERSION = YES;
				GCC_WARN_ABOUT_RETURN_TYPE = YES_ERROR;
				GCC_WARN_UNDECLARED_SELECTOR = YES;
				GCC_WARN_UNINITIALIZED_AUTOS = YES_AGGRESSIVE;
				GCC_WARN_UNUSED_FUNCTION = YES;
				GCC_WARN_UNUSED_VARIABLE = YES;
				IPHONEOS_DEPLOYMENT_TARGET = 18.1;
				LOCALIZATION_PREFERS_STRING_CATALOGS = YES;
				MTL_ENABLE_DEBUG_INFO = NO;
				MTL_FAST_MATH = YES;
				SDKROOT = iphoneos;
				SWIFT_COMPILATION_MODE = wholemodule;
				VALIDATE_PRODUCT = YES;
			};
			name = Release;
		};
		90BEDC1C2C9C011D003D7F0C /* Debug */ = {
			isa = XCBuildConfiguration;
			buildSettings = {
				ASSETCATALOG_COMPILER_APPICON_NAME = AppIcon;
				ASSETCATALOG_COMPILER_GLOBAL_ACCENT_COLOR_NAME = AccentColor;
				CODE_SIGN_STYLE = Automatic;
				CURRENT_PROJECT_VERSION = 1;
				DEVELOPMENT_ASSET_PATHS = "\"MyApp/Preview Content\"";
				DEVELOPMENT_TEAM = S84QBGCN9L;
				ENABLE_PREVIEWS = YES;
				GENERATE_INFOPLIST_FILE = YES;
				INFOPLIST_KEY_UIApplicationSceneManifest_Generation = YES;
				INFOPLIST_KEY_UIApplicationSupportsIndirectInputEvents = YES;
				INFOPLIST_KEY_UILaunchScreen_Generation = YES;
				INFOPLIST_KEY_UISupportedInterfaceOrientations_iPad = "UIInterfaceOrientationPortrait UIInterfaceOrientationPortraitUpsideDown UIInterfaceOrientationLandscapeLeft UIInterfaceOrientationLandscapeRight";
				INFOPLIST_KEY_UISupportedInterfaceOrientations_iPhone = "UIInterfaceOrientationPortrait UIInterfaceOrientationLandscapeLeft UIInterfaceOrientationLandscapeRight";
				LD_RUNPATH_SEARCH_PATHS = (
					"$(inherited)",
					"@executable_path/Frameworks",
				);
				MARKETING_VERSION = 1.0;
				PRODUCT_BUNDLE_IDENTIFIER = com.moritztucher.MyApp;
				PRODUCT_NAME = "$(TARGET_NAME)";
				SWIFT_EMIT_LOC_STRINGS = YES;
				SWIFT_VERSION = 5.0;
				TARGETED_DEVICE_FAMILY = "1,2";
			};
			name = Debug;
		};
		90BEDC1D2C9C011D003D7F0C /* Release */ = {
			isa = XCBuildConfiguration;
			buildSettings = {
				ASSETCATALOG_COMPILER_APPICON_NAME = AppIcon;
				ASSETCATALOG_COMPILER_GLOBAL_ACCENT_COLOR_NAME = AccentColor;
				CODE_SIGN_STYLE = Automatic;
				CURRENT_PROJECT_VERSION = 1;
				DEVELOPMENT_ASSET_PATHS = "\"MyApp/Preview Content\"";
				DEVELOPMENT_TEAM = S84QBGCN9L;
				ENABLE_PREVIEWS = YES;
				GENERATE_INFOPLIST_FILE = YES;
				INFOPLIST_KEY_UIApplicationSceneManifest_Generation = YES;
				INFOPLIST_KEY_UIApplicationSupportsIndirectInputEvents = YES;
				INFOPLIST_KEY_UILaunchScreen_Generation = YES;
				INFOPLIST_KEY_UISupportedInterfaceOrientations_iPad = "UIInterfaceOrientationPortrait UIInterfaceOrientationPortraitUpsideDown UIInterfaceOrientationLandscapeLeft UIInterfaceOrientationLandscapeRight";
				INFOPLIST_KEY_UISupportedInterfaceOrientations_iPhone = "UIInterfaceOrientationPortrait UIInterfaceOrientationLandscapeLeft UIInterfaceOrientationLandscapeRight";
				LD_RUNPATH_SEARCH_PATHS = (
					"$(inherited)",
					"@executable_path/Frameworks",
				);
				MARKETING_VERSION = 1.0;
				PRODUCT_BUNDLE_IDENTIFIER = com.moritztucher.MyApp;
				PRODUCT_NAME = "$(TARGET_NAME)";
				SWIFT_EMIT_LOC_STRINGS = YES;
				SWIFT_VERSION = 5.0;
				TARGETED_DEVICE_FAMILY = "1,2";
			};
			name = Release;
		};
/* End XCBuildConfiguration section */

/* Begin XCConfigurationList section */
		90BEDC082C9C011B003D7F0C /* Build configuration list for PBXProject "MyApp" */ = {
			isa = XCConfigurationList;
			buildConfigurations = (
				90BEDC192C9C011D003D7F0C /* Debug */,
				90BEDC1A2C9C011D003D7F0C /* Release */,
			);
			defaultConfigurationIsVisible = 0;
			defaultConfigurationName = Release;
		};
		90BEDC1B2C9C011D003D7F0C /* Build configuration list for PBXNativeTarget "MyApp" */ = {
			isa = XCConfigurationList;
			buildConfigurations = (
				90BEDC1C2C9C011D003D7F0C /* Debug */,
				90BEDC1D2C9C011D003D7F0C /* Release */,
			);
			defaultConfigurationIsVisible = 0;
			defaultConfigurationName = Release;
		};
/* End XCConfigurationList section */

/* Begin XCRemoteSwiftPackageReference section */
		90BEDC292C9C0264003D7F0C /* XCRemoteSwiftPackageReference "posthog-ios" */ = {
			isa = XCRemoteSwiftPackageReference;
			repositoryURL = "https://github.com/PostHog/posthog-ios.git";
			requirement = {
				kind = upToNextMajorVersion;
				minimumVersion = 3.12.3;
			};
		};
		90BEDC2C2C9C0277003D7F0C /* XCRemoteSwiftPackageReference "purchases-ios-spm" */ = {
			isa = XCRemoteSwiftPackageReference;
			repositoryURL = "https://github.com/RevenueCat/purchases-ios-spm.git";
			requirement = {
				kind = upToNextMajorVersion;
				minimumVersion = 5.3.4;
			};
		};
		90BEDC2D2C9C02C5003D7F0C /* XCRemoteSwiftPackageReference "firebase-ios-sdk" */ = {
			isa = XCRemoteSwiftPackageReference;
			repositoryURL = "https://github.com/firebase/firebase-ios-sdk";
			requirement = {
				kind = upToNextMajorVersion;
				minimumVersion = 11.2.0;
			};
		};
		90BEDC382C9C030F003D7F0C /* XCRemoteSwiftPackageReference "DeviceKit" */ = {
			isa = XCRemoteSwiftPackageReference;
			repositoryURL = "https://github.com/devicekit/DeviceKit";
			requirement = {
				kind = upToNextMajorVersion;
				minimumVersion = 5.4.0;
			};
		};
/* End XCRemoteSwiftPackageReference section */

/* Begin XCSwiftPackageProductDependency section */
		90BEDC2A2C9C0264003D7F0C /* PostHog */ = {
			isa = XCSwiftPackageProductDependency;
			package = 90BEDC292C9C0264003D7F0C /* XCRemoteSwiftPackageReference "posthog-ios" */;
			productName = PostHog;
		};
		90BEDC2E2C9C02C5003D7F0C /* FirebaseCrashlytics */ = {
			isa = XCSwiftPackageProductDependency;
			package = 90BEDC2D2C9C02C5003D7F0C /* XCRemoteSwiftPackageReference "firebase-ios-sdk" */;
			productName = FirebaseCrashlytics;
		};
		90BEDC302C9C02E9003D7F0C /* ReceiptParser */ = {
			isa = XCSwiftPackageProductDependency;
			package = 90BEDC2C2C9C0277003D7F0C /* XCRemoteSwiftPackageReference "purchases-ios-spm" */;
			productName = ReceiptParser;
		};
		90BEDC322C9C02E9003D7F0C /* RevenueCat */ = {
			isa = XCSwiftPackageProductDependency;
			package = 90BEDC2C2C9C0277003D7F0C /* XCRemoteSwiftPackageReference "purchases-ios-spm" */;
			productName = RevenueCat;
		};
		90BEDC342C9C02E9003D7F0C /* RevenueCatUI */ = {
			isa = XCSwiftPackageProductDependency;
			package = 90BEDC2C2C9C0277003D7F0C /* XCRemoteSwiftPackageReference "purchases-ios-spm" */;
			productName = RevenueCatUI;
		};
		90BEDC362C9C02E9003D7F0C /* RevenueCat_CustomEntitlementComputation */ = {
			isa = XCSwiftPackageProductDependency;
			package = 90BEDC2C2C9C0277003D7F0C /* XCRemoteSwiftPackageReference "purchases-ios-spm" */;
			productName = RevenueCat_CustomEntitlementComputation;
		};
		90BEDC392C9C030F003D7F0C /* DeviceKit */ = {
			isa = XCSwiftPackageProductDependency;
			package = 90BEDC382C9C030F003D7F0C /* XCRemoteSwiftPackageReference "DeviceKit" */;
			productName = DeviceKit;
		};
/* End XCSwiftPackageProductDependency section */
	};
	rootObject = 90BEDC052C9C011B003D7F0C /* Project object */;
}
